
Microsoft Visual Studio Solution File, Format Version 12.00
# Visual Studio Version 16
VisualStudioVersion = 16.0.31229.75
MinimumVisualStudioVersion = 10.0.40219.1
Project("{FAE04EC0-301F-11D3-BF4B-00C04F79EFBC}") = "ACME_INC_POE", "ACME_INC_POE\ACME_INC_POE.csproj", "{2C8E3F8E-E285-4ADF-861B-489DE661FCA3}"
EndProject
Global
	GlobalSection(SolutionConfigurationPlatforms) = preSolution
		Debug|Any CPU = Debug|Any CPU
		Release|Any CPU = Release|Any CPU
	EndGlobalSection
	GlobalSection(ProjectConfigurationPlatforms) = postSolution
		{2C8E3F8E-E285-4ADF-861B-489DE661FCA3}.Debug|Any CPU.ActiveCfg = Debug|Any CPU
		{2C8E3F8E-E285-4ADF-861B-489DE661FCA3}.Debug|Any CPU.Build.0 = Debug|Any CPU
		{2C8E3F8E-E285-4ADF-861B-489DE661FCA3}.Release|Any CPU.ActiveCfg = Release|Any CPU
		{2C8E3F8E-E285-4ADF-861B-489DE661FCA3}.Release|Any CPU.Build.0 = Release|Any CPU
	EndGlobalSection
	GlobalSection(SolutionProperties) = preSolution
		HideSolutionNode = FALSE
	EndGlobalSection
	GlobalSection(ExtensibilityGlobals) = postSolution
		SolutionGuid = {5CCF3ED1-5D13-4664-9B24-365B26DEEB7D}
	EndGlobalSection
EndGlobal
